
Microsoft Visual Studio Solution File, Format Version 12.00
# Visual Studio 15
VisualStudioVersion = 15.0.28010.2050
MinimumVisualStudioVersion = 10.0.40219.1
Project("{FAE04EC0-301F-11D3-BF4B-00C04F79EFBC}") = "233- SimpleMobee", "233- SimpleMobee.csproj", "{E8F72270-8D33-4956-8445-AB0A68F4D571}"
EndProject
Global
	GlobalSection(SolutionConfigurationPlatforms) = preSolution
		Debug|Any CPU = Debug|Any CPU
		Release|Any CPU = Release|Any CPU
	EndGlobalSection
	GlobalSection(ProjectConfigurationPlatforms) = postSolution
		{E8F72270-8D33-4956-8445-AB0A68F4D571}.Debug|Any CPU.ActiveCfg = Debug|Any CPU
		{E8F72270-8D33-4956-8445-AB0A68F4D571}.Debug|Any CPU.Build.0 = Debug|Any CPU
		{E8F72270-8D33-4956-8445-AB0A68F4D571}.Release|Any CPU.ActiveCfg = Release|Any CPU
		{E8F72270-8D33-4956-8445-AB0A68F4D571}.Release|Any CPU.Build.0 = Release|Any CPU
	EndGlobalSection
	GlobalSection(SolutionProperties) = preSolution
		HideSolutionNode = FALSE
	EndGlobalSection
	GlobalSection(ExtensibilityGlobals) = postSolution
		SolutionGuid = {8B12DB0D-F2F9-4CB2-AFD0-3AEE2604845A}
	EndGlobalSection
	GlobalSection(TeamFoundationVersionControl) = preSolution
		SccNumberOfProjects = 1
		SccEnterpriseProvider = {4CA58AB2-18FA-4F8D-95D4-32DDF27D184C}
		SccTeamFoundationServer = https://dev.azure.com/bitscapeinfotech
		SccProjectUniqueName0 = 233-\u0020SimpleMobee.csproj
		SccProjectName0 = .
		SccAuxPath0 = https://dev.azure.com/bitscapeinfotech
		SccLocalPath0 = .
		SccProvider0 = {4CA58AB2-18FA-4F8D-95D4-32DDF27D184C}
	EndGlobalSection
EndGlobal
